
Microsoft Visual Studio Solution File, Format Version 12.00
# Visual Studio 15
VisualStudioVersion = 15.0.26228.57
MinimumVisualStudioVersion = 10.0.40219.1
Project("{FAE04EC0-301F-11D3-BF4B-00C04F79EFBC}") = "WeirdAI-API", "WeirdAI-API\WeirdAI-API.csproj", "{950D4312-1561-4DBD-9CD8-3C01979C0788}"
EndProject
Global
	GlobalSection(SolutionConfigurationPlatforms) = preSolution
		Debug|Any CPU = Debug|Any CPU
		Release|Any CPU = Release|Any CPU
	EndGlobalSection
	GlobalSection(ProjectConfigurationPlatforms) = postSolution
		{950D4312-1561-4DBD-9CD8-3C01979C0788}.Debug|Any CPU.ActiveCfg = Debug|Any CPU
		{950D4312-1561-4DBD-9CD8-3C01979C0788}.Debug|Any CPU.Build.0 = Debug|Any CPU
		{950D4312-1561-4DBD-9CD8-3C01979C0788}.Release|Any CPU.ActiveCfg = Release|Any CPU
		{950D4312-1561-4DBD-9CD8-3C01979C0788}.Release|Any CPU.Build.0 = Release|Any CPU
	EndGlobalSection
	GlobalSection(SolutionProperties) = preSolution
		HideSolutionNode = FALSE
	EndGlobalSection
	GlobalSection(ExtensibilityGlobals) = postSolution
		SolutionGuid = {CAAD8839-5D1B-42C1-BAE8-8C1ED94662FA}
	EndGlobalSection
EndGlobal
