
Microsoft Visual Studio Solution File, Format Version 12.00
# Visual Studio 15
VisualStudioVersion = 15.0.28307.102
MinimumVisualStudioVersion = 10.0.40219.1
Project("{FAE04EC0-301F-11D3-BF4B-00C04F79EFBC}") = "DataIngester", "DataIngester\DataIngester.csproj", "{4D7852B9-1F58-4554-8119-071D136BA3E2}"
EndProject
Global
	GlobalSection(SolutionConfigurationPlatforms) = preSolution
		Debug|Any CPU = Debug|Any CPU
		Release|Any CPU = Release|Any CPU
	EndGlobalSection
	GlobalSection(ProjectConfigurationPlatforms) = postSolution
		{4D7852B9-1F58-4554-8119-071D136BA3E2}.Debug|Any CPU.ActiveCfg = Debug|Any CPU
		{4D7852B9-1F58-4554-8119-071D136BA3E2}.Debug|Any CPU.Build.0 = Debug|Any CPU
		{4D7852B9-1F58-4554-8119-071D136BA3E2}.Release|Any CPU.ActiveCfg = Release|Any CPU
		{4D7852B9-1F58-4554-8119-071D136BA3E2}.Release|Any CPU.Build.0 = Release|Any CPU
	EndGlobalSection
	GlobalSection(SolutionProperties) = preSolution
		HideSolutionNode = FALSE
	EndGlobalSection
	GlobalSection(ExtensibilityGlobals) = postSolution
		SolutionGuid = {03255D82-A52E-4396-B3D7-3BDF52CC8F18}
	EndGlobalSection
EndGlobal
